lockfileVersion: '9.0'

settings:
  autoInstallPeers: true
  excludeLinksFromLockfile: false

importers:

  .:
    devDependencies:
      '@bfra.me/prettier-config':
        specifier: ^0.16.1
        version: 0.16.1(prettier@3.8.0)
      prettier:
        specifier: 3.8.0
        version: 3.8.0

packages:

  '@bfra.me/prettier-config@0.16.1':
    resolution: {integrity: sha512-GQAUQFFx2v5wXEkMu19okchRJnyhONTF0FWDxRyerIC6z+oURtSMoa9UW/ar6nYeVEGUJEH9iUV0+Cu0FoxWDA==}
    peerDependencies:
      prettier: ^3.0.0

  prettier@3.8.0:
    resolution: {integrity: sha512-yEPsovQfpxYfgWNhCfECjG5AQaO+K3dp6XERmOepyPDVqcJm+bjyCVO3pmU+nAPe0N5dDvekfGezt/EIiRe1TA==}
    engines: {node: '>=14'}
    hasBin: true

snapshots:

  '@bfra.me/prettier-config@0.16.1(prettier@3.8.0)':
    dependencies:
      prettier: 3.8.0

  prettier@3.8.0: {}
